<?xml version="1.0" encoding="utf-8"?>
<Project ToolsVersion="17.0" xmlns="http://schemas.microsoft.com/developer/msbuild/2003">
  <ItemGroup>
    <ClCompile Include="C:\Users\Rathe\source\repos\way2repair\P-viewer\src\core\BRDTypes.cpp">
      <Filter>Source Files</Filter>
    </ClCompile>
    <ClCompile Include="C:\Users\Rathe\source\repos\way2repair\P-viewer\src\core\Utils.cpp">
      <Filter>Source Files</Filter>
    </ClCompile>
    <ClCompile Include="C:\Users\Rathe\source\repos\way2repair\P-viewer\src\formats\BRDFileBase.cpp">
      <Filter>Source Files</Filter>
    </ClCompile>
    <ClCompile Include="C:\Users\Rathe\source\repos\way2repair\P-viewer\src\formats\XZZPCBFile.cpp">
      <Filter>Source Files</Filter>
    </ClCompile>
    <ClCompile Include="C:\Users\Rathe\source\repos\way2repair\P-viewer\src\formats\des.cpp">
      <Filter>Source Files</Filter>
    </ClCompile>
    <ClCompile Include="C:\Users\Rathe\source\repos\way2repair\P-viewer\src\renderer\PCBRenderer.cpp">
      <Filter>Source Files</Filter>
    </ClCompile>
    <ClCompile Include="C:\Users\Rathe\source\repos\way2repair\P-viewer\src\renderer\Window.cpp">
      <Filter>Source Files</Filter>
    </ClCompile>
    <ClCompile Include="C:\Users\Rathe\source\repos\way2repair\P-viewer\src\main.cpp">
      <Filter>Source Files</Filter>
    </ClCompile>
  </ItemGroup>
  <ItemGroup>
    <CustomBuild Include="C:\Users\Rathe\source\repos\way2repair\P-viewer\CMakeLists.txt" />
  </ItemGroup>
  <ItemGroup>
    <Filter Include="Source Files">
      <UniqueIdentifier>{459232BA-223D-3A8A-A388-070EE721EF81}</UniqueIdentifier>
    </Filter>
  </ItemGroup>
</Project>
