<?xml version="1.0" encoding="utf-8"?>
<Project ToolsVersion="17.0" xmlns="http://schemas.microsoft.com/developer/msbuild/2003">
  <ItemGroup>
    <CustomBuild Include="C:\Users\Rathe\source\repos\way2repair\P-viewer\build-debug\CMakeFiles\80dc62b96a8b90a57de44eec6fe9bbe9\generate.stamp.rule">
      <Filter>CMake Rules</Filter>
    </CustomBuild>
  </ItemGroup>
  <ItemGroup>
    <Filter Include="CMake Rules">
      <UniqueIdentifier>{7F685141-DAB6-3437-AFDB-60EC1B17C6B0}</UniqueIdentifier>
    </Filter>
  </ItemGroup>
</Project>
